
Microsoft Visual Studio Solution File, Format Version 11.00
# Visual C# Express 2010
Project("{FAE04EC0-301F-11D3-BF4B-00C04F79EFBC}") = "Banco", "Banco\Banco.csproj", "{0251599D-180F-426E-8728-8B3D1ED57F14}"
EndProject
Global
	GlobalSection(SolutionConfigurationPlatforms) = preSolution
		Debug|x86 = Debug|x86
		Release|x86 = Release|x86
	EndGlobalSection
	GlobalSection(ProjectConfigurationPlatforms) = postSolution
		{0251599D-180F-426E-8728-8B3D1ED57F14}.Debug|x86.ActiveCfg = Debug|x86
		{0251599D-180F-426E-8728-8B3D1ED57F14}.Debug|x86.Build.0 = Debug|x86
		{0251599D-180F-426E-8728-8B3D1ED57F14}.Release|x86.ActiveCfg = Release|x86
		{0251599D-180F-426E-8728-8B3D1ED57F14}.Release|x86.Build.0 = Release|x86
	EndGlobalSection
	GlobalSection(SolutionProperties) = preSolution
		HideSolutionNode = FALSE
	EndGlobalSection
EndGlobal
